// !$*UTF8*$!
{
	archiveVersion = 1;
	classes = {
	};
	objectVersion = 55;
	objects = {

/* Begin PBXBuildFile section */
		FFCD9AAC29773935006922F2 /* MinAudioPlayerApp.swift in Sources */ = {isa = PBXBuildFile; fileRef = FFCD9AAB29773935006922F2 /* MinAudioPlayerApp.swift */; };
		FFCD9AAE29773935006922F2 /* ContentView.swift in Sources */ = {isa = PBXBuildFile; fileRef = FFCD9AAD29773935006922F2 /* ContentView.swift */; };
		FFCD9AB029773936006922F2 /* Assets.xcassets in Resources */ = {isa = PBXBuildFile; fileRef = FFCD9AAF29773936006922F2 /* Assets.xcassets */; };
		FFCD9AB329773936006922F2 /* Preview Assets.xcassets in Resources */ = {isa = PBXBuildFile; fileRef = FFCD9AB229773936006922F2 /* Preview Assets.xcassets */; };
		FFCD9ABD29773937006922F2 /* MinAudioPlayerTests.swift in Sources */ = {isa = PBXBuildFile; fileRef = FFCD9ABC29773937006922F2 /* MinAudioPlayerTests.swift */; };
		FFCD9AC729773937006922F2 /* MinAudioPlayerUITests.swift in Sources */ = {isa = PBXBuildFile; fileRef = FFCD9AC629773937006922F2 /* MinAudioPlayerUITests.swift */; };
		FFCD9AC929773937006922F2 /* MinAudioPlayerUITestsLaunchTests.swift in Sources */ = {isa = PBXBuildFile; fileRef = FFCD9AC829773937006922F2 /* MinAudioPlayerUITestsLaunchTests.swift */; };
		FFCD9AD629773ACE006922F2 /* Extensions.swift in Sources */ = {isa = PBXBuildFile; fileRef = FFCD9AD529773ACE006922F2 /* Extensions.swift */; };
/* End PBXBuildFile section */

/* Begin PBXContainerItemProxy section */
		FFCD9AB929773937006922F2 /* PBXContainerItemProxy */ = {
			isa = PBXContainerItemProxy;
			containerPortal = FFCD9AA029773935006922F2 /* Project object */;
			proxyType = 1;
			remoteGlobalIDString = FFCD9AA729773935006922F2;
			remoteInfo = MinAudioPlayer;
		};
		FFCD9AC329773937006922F2 /* PBXContainerItemProxy */ = {
			isa = PBXContainerItemProxy;
			containerPortal = FFCD9AA029773935006922F2 /* Project object */;
			proxyType = 1;
			remoteGlobalIDString = FFCD9AA729773935006922F2;
			remoteInfo = MinAudioPlayer;
		};
/* End PBXContainerItemProxy section */

/* Begin PBXFileReference section */
		FFCD9AA829773935006922F2 /* MinAudioPlayer.app */ = {isa = PBXFileReference; explicitFileType = wrapper.application; includeInIndex = 0; path = MinAudioPlayer.app; sourceTree = BUILT_PRODUCTS_DIR; };
		FFCD9AAB29773935006922F2 /* MinAudioPlayerApp.swift */ = {isa = PBXFileReference; lastKnownFileType = sourcecode.swift; path = MinAudioPlayerApp.swift; sourceTree = "<group>"; };
		FFCD9AAD29773935006922F2 /* ContentView.swift */ = {isa = PBXFileReference; lastKnownFileType = sourcecode.swift; path = ContentView.swift; sourceTree = "<group>"; };
		FFCD9AAF29773936006922F2 /* Assets.xcassets */ = {isa = PBXFileReference; lastKnownFileType = folder.assetcatalog; path = Assets.xcassets; sourceTree = "<group>"; };
		FFCD9AB229773936006922F2 /* Preview Assets.xcassets */ = {isa = PBXFileReference; lastKnownFileType = folder.assetcatalog; path = "Preview Assets.xcassets"; sourceTree = "<group>"; };
		FFCD9AB829773937006922F2 /* MinAudioPlayerTests.xctest */ = {isa = PBXFileReference; explicitFileType = wrapper.cfbundle; includeInIndex = 0; path = MinAudioPlayerTests.xctest; sourceTree = BUILT_PRODUCTS_DIR; };
		FFCD9ABC29773937006922F2 /* MinAudioPlayerTests.swift */ = {isa = PBXFileReference; lastKnownFileType = sourcecode.swift; path = MinAudioPlayerTests.swift; sourceTree = "<group>"; };
		FFCD9AC229773937006922F2 /* MinAudioPlayerUITests.xctest */ = {isa = PBXFileReference; explicitFileType = wrapper.cfbundle; includeInIndex = 0; path = MinAudioPlayerUITests.xctest; sourceTree = BUILT_PRODUCTS_DIR; };
		FFCD9AC629773937006922F2 /* MinAudioPlayerUITests.swift */ = {isa = PBXFileReference; lastKnownFileType = sourcecode.swift; path = MinAudioPlayerUITests.swift; sourceTree = "<group>"; };
		FFCD9AC829773937006922F2 /* MinAudioPlayerUITestsLaunchTests.swift */ = {isa = PBXFileReference; lastKnownFileType = sourcecode.swift; path = MinAudioPlayerUITestsLaunchTests.swift; sourceTree = "<group>"; };
		FFCD9AD529773ACE006922F2 /* Extensions.swift */ = {isa = PBXFileReference; lastKnownFileType = sourcecode.swift; path = Extensions.swift; sourceTree = "<group>"; };
/* End PBXFileReference section */

/* Begin PBXFrameworksBuildPhase section */
		FFCD9AA529773935006922F2 /* Frameworks */ = {
			isa = PBXFrameworksBuildPhase;
			buildActionMask = 2147483647;
			files = (
			);
			runOnlyForDeploymentPostprocessing = 0;
		};
		FFCD9AB529773937006922F2 /* Frameworks */ = {
			isa = PBXFrameworksBuildPhase;
			buildActionMask = 2147483647;
			files = (
			);
			runOnlyForDeploymentPostprocessing = 0;
		};
		FFCD9ABF29773937006922F2 /* Frameworks */ = {
			isa = PBXFrameworksBuildPhase;
			buildActionMask = 2147483647;
			files = (
			);
			runOnlyForDeploymentPostprocessing = 0;
		};
/* End PBXFrameworksBuildPhase section */

/* Begin PBXGroup section */
		FFCD9A9F29773935006922F2 = {
			isa = PBXGroup;
			children = (
				FFCD9AAA29773935006922F2 /* MinAudioPlayer */,
				FFCD9ABB29773937006922F2 /* MinAudioPlayerTests */,
				FFCD9AC529773937006922F2 /* MinAudioPlayerUITests */,
				FFCD9AA929773935006922F2 /* Products */,
			);
			sourceTree = "<group>";
		};
		FFCD9AA929773935006922F2 /* Products */ = {
			isa = PBXGroup;
			children = (
				FFCD9AA829773935006922F2 /* MinAudioPlayer.app */,
				FFCD9AB829773937006922F2 /* MinAudioPlayerTests.xctest */,
				FFCD9AC229773937006922F2 /* MinAudioPlayerUITests.xctest */,
			);
			name = Products;
			sourceTree = "<group>";
		};
		FFCD9AAA29773935006922F2 /* MinAudioPlayer */ = {
			isa = PBXGroup;
			children = (
				FFCD9AAB29773935006922F2 /* MinAudioPlayerApp.swift */,
				FFCD9AAD29773935006922F2 /* ContentView.swift */,
				FFCD9AD529773ACE006922F2 /* Extensions.swift */,
				FFCD9AAF29773936006922F2 /* Assets.xcassets */,
				FFCD9AB129773936006922F2 /* Preview Content */,
			);
			path = MinAudioPlayer;
			sourceTree = "<group>";
		};
		FFCD9AB129773936006922F2 /* Preview Content */ = {
			isa = PBXGroup;
			children = (
				FFCD9AB229773936006922F2 /* Preview Assets.xcassets */,
			);
			path = "Preview Content";
			sourceTree = "<group>";
		};
		FFCD9ABB29773937006922F2 /* MinAudioPlayerTests */ = {
			isa = PBXGroup;
			children = (
				FFCD9ABC29773937006922F2 /* MinAudioPlayerTests.swift */,
			);
			path = MinAudioPlayerTests;
			sourceTree = "<group>";
		};
		FFCD9AC529773937006922F2 /* MinAudioPlayerUITests */ = {
			isa = PBXGroup;
			children = (
				FFCD9AC629773937006922F2 /* MinAudioPlayerUITests.swift */,
				FFCD9AC829773937006922F2 /* MinAudioPlayerUITestsLaunchTests.swift */,
			);
			path = MinAudioPlayerUITests;
			sourceTree = "<group>";
		};
/* End PBXGroup section */

/* Begin PBXNativeTarget section */
		FFCD9AA729773935006922F2 /* MinAudioPlayer */ = {
			isa = PBXNativeTarget;
			buildConfigurationList = FFCD9ACC29773937006922F2 /* Build configuration list for PBXNativeTarget "MinAudioPlayer" */;
			buildPhases = (
				FFCD9AA429773935006922F2 /* Sources */,
				FFCD9AA529773935006922F2 /* Frameworks */,
				FFCD9AA629773935006922F2 /* Resources */,
			);
			buildRules = (
			);
			dependencies = (
			);
			name = MinAudioPlayer;
			productName = MinAudioPlayer;
			productReference = FFCD9AA829773935006922F2 /* MinAudioPlayer.app */;
			productType = "com.apple.product-type.application";
		};
		FFCD9AB729773937006922F2 /* MinAudioPlayerTests */ = {
			isa = PBXNativeTarget;
			buildConfigurationList = FFCD9ACF29773937006922F2 /* Build configuration list for PBXNativeTarget "MinAudioPlayerTests" */;
			buildPhases = (
				FFCD9AB429773937006922F2 /* Sources */,
				FFCD9AB529773937006922F2 /* Frameworks */,
				FFCD9AB629773937006922F2 /* Resources */,
			);
			buildRules = (
			);
			dependencies = (
				FFCD9ABA29773937006922F2 /* PBXTargetDependency */,
			);
			name = MinAudioPlayerTests;
			productName = MinAudioPlayerTests;
			productReference = FFCD9AB829773937006922F2 /* MinAudioPlayerTests.xctest */;
			productType = "com.apple.product-type.bundle.unit-test";
		};
		FFCD9AC129773937006922F2 /* MinAudioPlayerUITests */ = {
			isa = PBXNativeTarget;
			buildConfigurationList = FFCD9AD229773937006922F2 /* Build configuration list for PBXNativeTarget "MinAudioPlayerUITests" */;
			buildPhases = (
				FFCD9ABE29773937006922F2 /* Sources */,
				FFCD9ABF29773937006922F2 /* Frameworks */,
				FFCD9AC029773937006922F2 /* Resources */,
			);
			buildRules = (
			);
			dependencies = (
				FFCD9AC429773937006922F2 /* PBXTargetDependency */,
			);
			name = MinAudioPlayerUITests;
			productName = MinAudioPlayerUITests;
			productReference = FFCD9AC229773937006922F2 /* MinAudioPlayerUITests.xctest */;
			productType = "com.apple.product-type.bundle.ui-testing";
		};
/* End PBXNativeTarget section */

/* Begin PBXProject section */
		FFCD9AA029773935006922F2 /* Project object */ = {
			isa = PBXProject;
			attributes = {
				BuildIndependentTargetsInParallel = 1;
				LastSwiftUpdateCheck = 1340;
				LastUpgradeCheck = 1340;
				TargetAttributes = {
					FFCD9AA729773935006922F2 = {
						CreatedOnToolsVersion = 13.4.1;
					};
					FFCD9AB729773937006922F2 = {
						CreatedOnToolsVersion = 13.4.1;
						TestTargetID = FFCD9AA729773935006922F2;
					};
					FFCD9AC129773937006922F2 = {
						CreatedOnToolsVersion = 13.4.1;
						TestTargetID = FFCD9AA729773935006922F2;
					};
				};
			};
			buildConfigurationList = FFCD9AA329773935006922F2 /* Build configuration list for PBXProject "MinAudioPlayer" */;
			compatibilityVersion = "Xcode 13.0";
			developmentRegion = en;
			hasScannedForEncodings = 0;
			knownRegions = (
				en,
				Base,
			);
			mainGroup = FFCD9A9F29773935006922F2;
			productRefGroup = FFCD9AA929773935006922F2 /* Products */;
			projectDirPath = "";
			projectRoot = "";
			targets = (
				FFCD9AA729773935006922F2 /* MinAudioPlayer */,
				FFCD9AB729773937006922F2 /* MinAudioPlayerTests */,
				FFCD9AC129773937006922F2 /* MinAudioPlayerUITests */,
			);
		};
/* End PBXProject section */

/* Begin PBXResourcesBuildPhase section */
		FFCD9AA629773935006922F2 /* Resources */ = {
			isa = PBXResourcesBuildPhase;
			buildActionMask = 2147483647;
			files = (
				FFCD9AB329773936006922F2 /* Preview Assets.xcassets in Resources */,
				FFCD9AB029773936006922F2 /* Assets.xcassets in Resources */,
			);
			runOnlyForDeploymentPostprocessing = 0;
		};
		FFCD9AB629773937006922F2 /* Resources */ = {
			isa = PBXResourcesBuildPhase;
			buildActionMask = 2147483647;
			files = (
			);
			runOnlyForDeploymentPostprocessing = 0;
		};
		FFCD9AC029773937006922F2 /* Resources */ = {
			isa = PBXResourcesBuildPhase;
			buildActionMask = 2147483647;
			files = (
			);
			runOnlyForDeploymentPostprocessing = 0;
		};
/* End PBXResourcesBuildPhase section */

/* Begin PBXSourcesBuildPhase section */
		FFCD9AA429773935006922F2 /* Sources */ = {
			isa = PBXSourcesBuildPhase;
			buildActionMask = 2147483647;
			files = (
				FFCD9AAE29773935006922F2 /* ContentView.swift in Sources */,
				FFCD9AD629773ACE006922F2 /* Extensions.swift in Sources */,
				FFCD9AAC29773935006922F2 /* MinAudioPlayerApp.swift in Sources */,
			);
			runOnlyForDeploymentPostprocessing = 0;
		};
		FFCD9AB429773937006922F2 /* Sources */ = {
			isa = PBXSourcesBuildPhase;
			buildActionMask = 2147483647;
			files = (
				FFCD9ABD29773937006922F2 /* MinAudioPlayerTests.swift in Sources */,
			);
			runOnlyForDeploymentPostprocessing = 0;
		};
		FFCD9ABE29773937006922F2 /* Sources */ = {
			isa = PBXSourcesBuildPhase;
			buildActionMask = 2147483647;
			files = (
				FFCD9AC729773937006922F2 /* MinAudioPlayerUITests.swift in Sources */,
				FFCD9AC929773937006922F2 /* MinAudioPlayerUITestsLaunchTests.swift in Sources */,
			);
			runOnlyForDeploymentPostprocessing = 0;
		};
/* End PBXSourcesBuildPhase section */

/* Begin PBXTargetDependency section */
		FFCD9ABA29773937006922F2 /* PBXTargetDependency */ = {
			isa = PBXTargetDependency;
			target = FFCD9AA729773935006922F2 /* MinAudioPlayer */;
			targetProxy = FFCD9AB929773937006922F2 /* PBXContainerItemProxy */;
		};
		FFCD9AC429773937006922F2 /* PBXTargetDependency */ = {
			isa = PBXTargetDependency;
			target = FFCD9AA729773935006922F2 /* MinAudioPlayer */;
			targetProxy = FFCD9AC329773937006922F2 /* PBXContainerItemProxy */;
		};
/* End PBXTargetDependency section */

/* Begin XCBuildConfiguration section */
		FFCD9ACA29773937006922F2 /* Debug */ = {
			isa = XCBuildConfiguration;
			buildSettings = {
				ALWAYS_SEARCH_USER_PATHS = NO;
				CLANG_ANALYZER_NONNULL = YES;
				CLANG_ANALYZER_NUMBER_OBJECT_CONVERSION = YES_AGGRESSIVE;
				CLANG_CXX_LANGUAGE_STANDARD = "gnu++17";
				CLANG_ENABLE_MODULES = YES;
				CLANG_ENABLE_OBJC_ARC = YES;
				CLANG_ENABLE_OBJC_WEAK = YES;
				CLANG_WARN_BLOCK_CAPTURE_AUTORELEASING = YES;
				CLANG_WARN_BOOL_CONVERSION = YES;
				CLANG_WARN_COMMA = YES;
				CLANG_WARN_CONSTANT_CONVERSION = YES;
				CLANG_WARN_DEPRECATED_OBJC_IMPLEMENTATIONS = YES;
				CLANG_WARN_DIRECT_OBJC_ISA_USAGE = YES_ERROR;
				CLANG_WARN_DOCUMENTATION_COMMENTS = YES;
				CLANG_WARN_EMPTY_BODY = YES;
				CLANG_WARN_ENUM_CONVERSION = YES;
				CLANG_WARN_INFINITE_RECURSION = YES;
				CLANG_WARN_INT_CONVERSION = YES;
				CLANG_WARN_NON_LITERAL_NULL_CONVERSION = YES;
				CLANG_WARN_OBJC_IMPLICIT_RETAIN_SELF = YES;
				CLANG_WARN_OBJC_LITERAL_CONVERSION = YES;
				CLANG_WARN_OBJC_ROOT_CLASS = YES_ERROR;
				CLANG_WARN_QUOTED_INCLUDE_IN_FRAMEWORK_HEADER = YES;
				CLANG_WARN_RANGE_LOOP_ANALYSIS = YES;
				CLANG_WARN_STRICT_PROTOTYPES = YES;
				CLANG_WARN_SUSPICIOUS_MOVE = YES;
				CLANG_WARN_UNGUARDED_AVAILABILITY = YES_AGGRESSIVE;
				CLANG_WARN_UNREACHABLE_CODE = YES;
				CLANG_WARN__DUPLICATE_METHOD_MATCH = YES;
				COPY_PHASE_STRIP = NO;
				DEBUG_INFORMATION_FORMAT = dwarf;
				ENABLE_STRICT_OBJC_MSGSEND = YES;
				ENABLE_TESTABILITY = YES;
				GCC_C_LANGUAGE_STANDARD = gnu11;
				GCC_DYNAMIC_NO_PIC = NO;
				GCC_NO_COMMON_BLOCKS = YES;
				GCC_OPTIMIZATION_LEVEL = 0;
				GCC_PREPROCESSOR_DEFINITIONS = (
					"DEBUG=1",
					"$(inherited)",
				);
				GCC_WARN_64_TO_32_BIT_CONVERSION = YES;
				GCC_WARN_ABOUT_RETURN_TYPE = YES_ERROR;
				GCC_WARN_UNDECLARED_SELECTOR = YES;
				GCC_WARN_UNINITIALIZED_AUTOS = YES_AGGRESSIVE;
				GCC_WARN_UNUSED_FUNCTION = YES;
				GCC_WARN_UNUSED_VARIABLE = YES;
				IPHONEOS_DEPLOYMENT_TARGET = 15.5;
				MTL_ENABLE_DEBUG_INFO = INCLUDE_SOURCE;
				MTL_FAST_MATH = YES;
				ONLY_ACTIVE_ARCH = YES;
				SDKROOT = iphoneos;
				SWIFT_ACTIVE_COMPILATION_CONDITIONS = DEBUG;
				SWIFT_OPTIMIZATION_LEVEL = "-Onone";
			};
			name = Debug;
		};
		FFCD9ACB29773937006922F2 /* Release */ = {
			isa = XCBuildConfiguration;
			buildSettings = {
				ALWAYS_SEARCH_USER_PATHS = NO;
				CLANG_ANALYZER_NONNULL = YES;
				CLANG_ANALYZER_NUMBER_OBJECT_CONVERSION = YES_AGGRESSIVE;
				CLANG_CXX_LANGUAGE_STANDARD = "gnu++17";
				CLANG_ENABLE_MODULES = YES;
				CLANG_ENABLE_OBJC_ARC = YES;
				CLANG_ENABLE_OBJC_WEAK = YES;
				CLANG_WARN_BLOCK_CAPTURE_AUTORELEASING = YES;
				CLANG_WARN_BOOL_CONVERSION = YES;
				CLANG_WARN_COMMA = YES;
				CLANG_WARN_CONSTANT_CONVERSION = YES;
				CLANG_WARN_DEPRECATED_OBJC_IMPLEMENTATIONS = YES;
				CLANG_WARN_DIRECT_OBJC_ISA_USAGE = YES_ERROR;
				CLANG_WARN_DOCUMENTATION_COMMENTS = YES;
				CLANG_WARN_EMPTY_BODY = YES;
				CLANG_WARN_ENUM_CONVERSION = YES;
				CLANG_WARN_INFINITE_RECURSION = YES;
				CLANG_WARN_INT_CONVERSION = YES;
				CLANG_WARN_NON_LITERAL_NULL_CONVERSION = YES;
				CLANG_WARN_OBJC_IMPLICIT_RETAIN_SELF = YES;
				CLANG_WARN_OBJC_LITERAL_CONVERSION = YES;
				CLANG_WARN_OBJC_ROOT_CLASS = YES_ERROR;
				CLANG_WARN_QUOTED_INCLUDE_IN_FRAMEWORK_HEADER = YES;
				CLANG_WARN_RANGE_LOOP_ANALYSIS = YES;
				CLANG_WARN_STRICT_PROTOTYPES = YES;
				CLANG_WARN_SUSPICIOUS_MOVE = YES;
				CLANG_WARN_UNGUARDED_AVAILABILITY = YES_AGGRESSIVE;
				CLANG_WARN_UNREACHABLE_CODE = YES;
				CLANG_WARN__DUPLICATE_METHOD_MATCH = YES;
				COPY_PHASE_STRIP = NO;
				DEBUG_INFORMATION_FORMAT = "dwarf-with-dsym";
				ENABLE_NS_ASSERTIONS = NO;
				ENABLE_STRICT_OBJC_MSGSEND = YES;
				GCC_C_LANGUAGE_STANDARD = gnu11;
				GCC_NO_COMMON_BLOCKS = YES;
				GCC_WARN_64_TO_32_BIT_CONVERSION = YES;
				GCC_WARN_ABOUT_RETURN_TYPE = YES_ERROR;
				GCC_WARN_UNDECLARED_SELECTOR = YES;
				GCC_WARN_UNINITIALIZED_AUTOS = YES_AGGRESSIVE;
				GCC_WARN_UNUSED_FUNCTION = YES;
				GCC_WARN_UNUSED_VARIABLE = YES;
				IPHONEOS_DEPLOYMENT_TARGET = 15.5;
				MTL_ENABLE_DEBUG_INFO = NO;
				MTL_FAST_MATH = YES;
				SDKROOT = iphoneos;
				SWIFT_COMPILATION_MODE = wholemodule;
				SWIFT_OPTIMIZATION_LEVEL = "-O";
				VALIDATE_PRODUCT = YES;
			};
			name = Release;
		};
		FFCD9ACD29773937006922F2 /* Debug */ = {
			isa = XCBuildConfiguration;
			buildSettings = {
				ASSETCATALOG_COMPILER_APPICON_NAME = AppIcon;
				ASSETCATALOG_COMPILER_GLOBAL_ACCENT_COLOR_NAME = AccentColor;
				CODE_SIGN_STYLE = Automatic;
				CURRENT_PROJECT_VERSION = 1;
				DEVELOPMENT_ASSET_PATHS = "\"MinAudioPlayer/Preview Content\"";
				ENABLE_PREVIEWS = YES;
				GENERATE_INFOPLIST_FILE = YES;
				INFOPLIST_KEY_UIApplicationSceneManifest_Generation = YES;
				INFOPLIST_KEY_UIApplicationSupportsIndirectInputEvents = YES;
				INFOPLIST_KEY_UILaunchScreen_Generation = YES;
				INFOPLIST_KEY_UISupportedInterfaceOrientations_iPad = "UIInterfaceOrientationPortrait UIInterfaceOrientationPortraitUpsideDown UIInterfaceOrientationLandscapeLeft UIInterfaceOrientationLandscapeRight";
				INFOPLIST_KEY_UISupportedInterfaceOrientations_iPhone = "UIInterfaceOrientationPortrait UIInterfaceOrientationLandscapeLeft UIInterfaceOrientationLandscapeRight";
				LD_RUNPATH_SEARCH_PATHS = (
					"$(inherited)",
					"@executable_path/Frameworks",
				);
				MARKETING_VERSION = 1.0;
				PRODUCT_BUNDLE_IDENTIFIER = com.jennifershan.MinAudioPlayer;
				PRODUCT_NAME = "$(TARGET_NAME)";
				SWIFT_EMIT_LOC_STRINGS = YES;
				SWIFT_VERSION = 5.0;
				TARGETED_DEVICE_FAMILY = "1,2";
			};
			name = Debug;
		};
		FFCD9ACE29773937006922F2 /* Release */ = {
			isa = XCBuildConfiguration;
			buildSettings = {
				ASSETCATALOG_COMPILER_APPICON_NAME = AppIcon;
				ASSETCATALOG_COMPILER_GLOBAL_ACCENT_COLOR_NAME = AccentColor;
				CODE_SIGN_STYLE = Automatic;
				CURRENT_PROJECT_VERSION = 1;
				DEVELOPMENT_ASSET_PATHS = "\"MinAudioPlayer/Preview Content\"";
				ENABLE_PREVIEWS = YES;
				GENERATE_INFOPLIST_FILE = YES;
				INFOPLIST_KEY_UIApplicationSceneManifest_Generation = YES;
				INFOPLIST_KEY_UIApplicationSupportsIndirectInputEvents = YES;
				INFOPLIST_KEY_UILaunchScreen_Generation = YES;
				INFOPLIST_KEY_UISupportedInterfaceOrientations_iPad = "UIInterfaceOrientationPortrait UIInterfaceOrientationPortraitUpsideDown UIInterfaceOrientationLandscapeLeft UIInterfaceOrientationLandscapeRight";
				INFOPLIST_KEY_UISupportedInterfaceOrientations_iPhone = "UIInterfaceOrientationPortrait UIInterfaceOrientationLandscapeLeft UIInterfaceOrientationLandscapeRight";
				LD_RUNPATH_SEARCH_PATHS = (
					"$(inherited)",
					"@executable_path/Frameworks",
				);
				MARKETING_VERSION = 1.0;
				PRODUCT_BUNDLE_IDENTIFIER = com.jennifershan.MinAudioPlayer;
				PRODUCT_NAME = "$(TARGET_NAME)";
				SWIFT_EMIT_LOC_STRINGS = YES;
				SWIFT_VERSION = 5.0;
				TARGETED_DEVICE_FAMILY = "1,2";
			};
			name = Release;
		};
		FFCD9AD029773937006922F2 /* Debug */ = {
			isa = XCBuildConfiguration;
			buildSettings = {
				ALWAYS_EMBED_SWIFT_STANDARD_LIBRARIES = YES;
				BUNDLE_LOADER = "$(TEST_HOST)";
				CODE_SIGN_STYLE = Automatic;
				CURRENT_PROJECT_VERSION = 1;
				GENERATE_INFOPLIST_FILE = YES;
				IPHONEOS_DEPLOYMENT_TARGET = 15.5;
				MARKETING_VERSION = 1.0;
				PRODUCT_BUNDLE_IDENTIFIER = com.jennifershan.MinAudioPlayerTests;
				PRODUCT_NAME = "$(TARGET_NAME)";
				SWIFT_EMIT_LOC_STRINGS = NO;
				SWIFT_VERSION = 5.0;
				TARGETED_DEVICE_FAMILY = "1,2";
				TEST_HOST = "$(BUILT_PRODUCTS_DIR)/MinAudioPlayer.app/MinAudioPlayer";
			};
			name = Debug;
		};
		FFCD9AD129773937006922F2 /* Release */ = {
			isa = XCBuildConfiguration;
			buildSettings = {
				ALWAYS_EMBED_SWIFT_STANDARD_LIBRARIES = YES;
				BUNDLE_LOADER = "$(TEST_HOST)";
				CODE_SIGN_STYLE = Automatic;
				CURRENT_PROJECT_VERSION = 1;
				GENERATE_INFOPLIST_FILE = YES;
				IPHONEOS_DEPLOYMENT_TARGET = 15.5;
				MARKETING_VERSION = 1.0;
				PRODUCT_BUNDLE_IDENTIFIER = com.jennifershan.MinAudioPlayerTests;
				PRODUCT_NAME = "$(TARGET_NAME)";
				SWIFT_EMIT_LOC_STRINGS = NO;
				SWIFT_VERSION = 5.0;
				TARGETED_DEVICE_FAMILY = "1,2";
				TEST_HOST = "$(BUILT_PRODUCTS_DIR)/MinAudioPlayer.app/MinAudioPlayer";
			};
			name = Release;
		};
		FFCD9AD329773937006922F2 /* Debug */ = {
			isa = XCBuildConfiguration;
			buildSettings = {
				ALWAYS_EMBED_SWIFT_STANDARD_LIBRARIES = YES;
				CODE_SIGN_STYLE = Automatic;
				CURRENT_PROJECT_VERSION = 1;
				GENERATE_INFOPLIST_FILE = YES;
				MARKETING_VERSION = 1.0;
				PRODUCT_BUNDLE_IDENTIFIER = com.jennifershan.MinAudioPlayerUITests;
				PRODUCT_NAME = "$(TARGET_NAME)";
				SWIFT_EMIT_LOC_STRINGS = NO;
				SWIFT_VERSION = 5.0;
				TARGETED_DEVICE_FAMILY = "1,2";
				TEST_TARGET_NAME = MinAudioPlayer;
			};
			name = Debug;
		};
		FFCD9AD429773937006922F2 /* Release */ = {
			isa = XCBuildConfiguration;
			buildSettings = {
				ALWAYS_EMBED_SWIFT_STANDARD_LIBRARIES = YES;
				CODE_SIGN_STYLE = Automatic;
				CURRENT_PROJECT_VERSION = 1;
				GENERATE_INFOPLIST_FILE = YES;
				MARKETING_VERSION = 1.0;
				PRODUCT_BUNDLE_IDENTIFIER = com.jennifershan.MinAudioPlayerUITests;
				PRODUCT_NAME = "$(TARGET_NAME)";
				SWIFT_EMIT_LOC_STRINGS = NO;
				SWIFT_VERSION = 5.0;
				TARGETED_DEVICE_FAMILY = "1,2";
				TEST_TARGET_NAME = MinAudioPlayer;
			};
			name = Release;
		};
/* End XCBuildConfiguration section */

/* Begin XCConfigurationList section */
		FFCD9AA329773935006922F2 /* Build configuration list for PBXProject "MinAudioPlayer" */ = {
			isa = XCConfigurationList;
			buildConfigurations = (
				FFCD9ACA29773937006922F2 /* Debug */,
				FFCD9ACB29773937006922F2 /* Release */,
			);
			defaultConfigurationIsVisible = 0;
			defaultConfigurationName = Release;
		};
		FFCD9ACC29773937006922F2 /* Build configuration list for PBXNativeTarget "MinAudioPlayer" */ = {
			isa = XCConfigurationList;
			buildConfigurations = (
				FFCD9ACD29773937006922F2 /* Debug */,
				FFCD9ACE29773937006922F2 /* Release */,
			);
			defaultConfigurationIsVisible = 0;
			defaultConfigurationName = Release;
		};
		FFCD9ACF29773937006922F2 /* Build configuration list for PBXNativeTarget "MinAudioPlayerTests" */ = {
			isa = XCConfigurationList;
			buildConfigurations = (
				FFCD9AD029773937006922F2 /* Debug */,
				FFCD9AD129773937006922F2 /* Release */,
			);
			defaultConfigurationIsVisible = 0;
			defaultConfigurationName = Release;
		};
		FFCD9AD229773937006922F2 /* Build configuration list for PBXNativeTarget "MinAudioPlayerUITests" */ = {
			isa = XCConfigurationList;
			buildConfigurations = (
				FFCD9AD329773937006922F2 /* Debug */,
				FFCD9AD429773937006922F2 /* Release */,
			);
			defaultConfigurationIsVisible = 0;
			defaultConfigurationName = Release;
		};
/* End XCConfigurationList section */
	};
	rootObject = FFCD9AA029773935006922F2 /* Project object */;
}
